
Microsoft Visual Studio Solution File, Format Version 12.00
# Visual Studio Version 17
VisualStudioVersion = 17.5.33516.290
MinimumVisualStudioVersion = 10.0.40219.1
Project("{9A19103F-16F7-4668-BE54-9A1E7A4F7556}") = "FoodPackByTKG", "FoodPackByTKG.csproj", "{EC1E995D-83D5-41E6-AAED-53BD1C96A52A}"
EndProject
Global
	GlobalSection(SolutionConfigurationPlatforms) = preSolution
		Debug|Any CPU = Debug|Any CPU
		Release|Any CPU = Release|Any CPU
	EndGlobalSection
	GlobalSection(ProjectConfigurationPlatforms) = postSolution
		{EC1E995D-83D5-41E6-AAED-53BD1C96A52A}.Debug|Any CPU.ActiveCfg = Debug|Any CPU
		{EC1E995D-83D5-41E6-AAED-53BD1C96A52A}.Debug|Any CPU.Build.0 = Debug|Any CPU
		{EC1E995D-83D5-41E6-AAED-53BD1C96A52A}.Release|Any CPU.ActiveCfg = Release|Any CPU
		{EC1E995D-83D5-41E6-AAED-53BD1C96A52A}.Release|Any CPU.Build.0 = Release|Any CPU
	EndGlobalSection
	GlobalSection(SolutionProperties) = preSolution
		HideSolutionNode = FALSE
	EndGlobalSection
	GlobalSection(ExtensibilityGlobals) = postSolution
		SolutionGuid = {522E32FC-E20B-4F02-9694-D91B7A4B0C04}
	EndGlobalSection
EndGlobal
